
Microsoft Visual Studio Solution File, Format Version 12.00
# Visual Studio Version 16
VisualStudioVersion = 16.0.31424.327
MinimumVisualStudioVersion = 10.0.40219.1
Project("{9A19103F-16F7-4668-BE54-9A1E7A4F7556}") = "SePoupeApi.Services", "SePoupeApi\SePoupeApi.Services.csproj", "{CA58A059-2744-4377-85CA-718798AA4B29}"
EndProject
Project("{2150E333-8FDC-42A3-9474-1A3956D46DE8}") = "1 - Service Layer", "1 - Service Layer", "{5E0EF03A-E5FF-4015-83A3-F4DEF67E1360}"
EndProject
Project("{2150E333-8FDC-42A3-9474-1A3956D46DE8}") = "2 - Repositoy Layer", "2 - Repositoy Layer", "{4488D819-9931-4FD1-8535-67FB6CE20772}"
EndProject
Project("{9A19103F-16F7-4668-BE54-9A1E7A4F7556}") = "SePoupeApi.Data", "SePoupeApi.Data\SePoupeApi.Data.csproj", "{76F92DC7-4BCB-49CE-AA92-F2745BFB14ED}"
EndProject
Global
	GlobalSection(SolutionConfigurationPlatforms) = preSolution
		Debug|Any CPU = Debug|Any CPU
		Release|Any CPU = Release|Any CPU
	EndGlobalSection
	GlobalSection(ProjectConfigurationPlatforms) = postSolution
		{CA58A059-2744-4377-85CA-718798AA4B29}.Debug|Any CPU.ActiveCfg = Debug|Any CPU
		{CA58A059-2744-4377-85CA-718798AA4B29}.Debug|Any CPU.Build.0 = Debug|Any CPU
		{CA58A059-2744-4377-85CA-718798AA4B29}.Release|Any CPU.ActiveCfg = Release|Any CPU
		{CA58A059-2744-4377-85CA-718798AA4B29}.Release|Any CPU.Build.0 = Release|Any CPU
		{76F92DC7-4BCB-49CE-AA92-F2745BFB14ED}.Debug|Any CPU.ActiveCfg = Debug|Any CPU
		{76F92DC7-4BCB-49CE-AA92-F2745BFB14ED}.Debug|Any CPU.Build.0 = Debug|Any CPU
		{76F92DC7-4BCB-49CE-AA92-F2745BFB14ED}.Release|Any CPU.ActiveCfg = Release|Any CPU
		{76F92DC7-4BCB-49CE-AA92-F2745BFB14ED}.Release|Any CPU.Build.0 = Release|Any CPU
	EndGlobalSection
	GlobalSection(SolutionProperties) = preSolution
		HideSolutionNode = FALSE
	EndGlobalSection
	GlobalSection(NestedProjects) = preSolution
		{CA58A059-2744-4377-85CA-718798AA4B29} = {5E0EF03A-E5FF-4015-83A3-F4DEF67E1360}
		{76F92DC7-4BCB-49CE-AA92-F2745BFB14ED} = {4488D819-9931-4FD1-8535-67FB6CE20772}
	EndGlobalSection
	GlobalSection(ExtensibilityGlobals) = postSolution
		SolutionGuid = {D3AE842B-0FE1-473E-8B8E-A9A19B7807DD}
	EndGlobalSection
EndGlobal
